
Microsoft Visual Studio Solution File, Format Version 12.00
# Visual Studio Version 17
VisualStudioVersion = 17.8.34322.80
MinimumVisualStudioVersion = 10.0.40219.1
Project("{2150E333-8FDC-42A3-9474-1A3956D46DE8}") = "src", "src", "{437DCF5C-83E3-402B-B540-C6182F30EEF1}"
EndProject
Project("{2150E333-8FDC-42A3-9474-1A3956D46DE8}") = "tests", "tests", "{0E7CAF94-A466-47A3-97E7-1EEA2E84BEE6}"
EndProject
Project("{2150E333-8FDC-42A3-9474-1A3956D46DE8}") = "Backend", "Backend", "{D8F842EE-5E1D-45CC-A07B-2C46EB5B2A31}"
EndProject
Project("{2150E333-8FDC-42A3-9474-1A3956D46DE8}") = "Shared", "Shared", "{453F9581-A801-4485-86C3-F8803197133B}"
EndProject
Project("{FAE04EC0-301F-11D3-BF4B-00C04F79EFBC}") = "Tasks.Communication", "src\Shared\Tasks.Communication\Tasks.Communication.csproj", "{E8B93A4C-8D7C-4DDF-B96C-592920672E9D}"
EndProject
Project("{FAE04EC0-301F-11D3-BF4B-00C04F79EFBC}") = "Tasks.Execptions", "src\Shared\Tasks.Execptions\Tasks.Execptions.csproj", "{4F7C1A91-3501-4D2A-969E-2AFE173E0247}"
EndProject
Project("{FAE04EC0-301F-11D3-BF4B-00C04F79EFBC}") = "Tasks.Application", "src\Backend\Tasks.Application\Tasks.Application.csproj", "{180B7574-02EA-4FBF-AB98-D7220E5766EE}"
EndProject
Project("{FAE04EC0-301F-11D3-BF4B-00C04F79EFBC}") = "Tasks.Infra", "src\Backend\Tasks.Infra\Tasks.Infra.csproj", "{B4C61343-E505-4900-9397-8BB5D39B1AB6}"
EndProject
Project("{FAE04EC0-301F-11D3-BF4B-00C04F79EFBC}") = "Tasks.Domain", "src\Backend\Tasks.Domain\Tasks.Domain.csproj", "{5EC52C07-449D-40FB-B41D-6CB075B09865}"
EndProject
Project("{FAE04EC0-301F-11D3-BF4B-00C04F79EFBC}") = "Tasks.API", "src\Backend\Tasks.API\Tasks.API.csproj", "{835004FA-AD8D-4032-9643-1D98827296BD}"
EndProject
Project("{FAE04EC0-301F-11D3-BF4B-00C04F79EFBC}") = "Validators.Test", "tests\Validators.Test\Validators.Test.csproj", "{3C7D9343-CFBC-47EE-94FE-550E81D14730}"
EndProject
Project("{FAE04EC0-301F-11D3-BF4B-00C04F79EFBC}") = "UseCase.Test", "tests\UseCase.Test\UseCase.Test.csproj", "{FC6E850A-C359-4E77-B7AC-2C1D2A1AD211}"
EndProject
Project("{FAE04EC0-301F-11D3-BF4B-00C04F79EFBC}") = "WebApi.Test", "tests\WebApi.Test\WebApi.Test.csproj", "{F2A6A0C9-4D29-4889-9B7B-7CB6F5516CC1}"
EndProject
Global
	GlobalSection(SolutionConfigurationPlatforms) = preSolution
		Debug|Any CPU = Debug|Any CPU
		Release|Any CPU = Release|Any CPU
	EndGlobalSection
	GlobalSection(ProjectConfigurationPlatforms) = postSolution
		{E8B93A4C-8D7C-4DDF-B96C-592920672E9D}.Debug|Any CPU.ActiveCfg = Debug|Any CPU
		{E8B93A4C-8D7C-4DDF-B96C-592920672E9D}.Debug|Any CPU.Build.0 = Debug|Any CPU
		{E8B93A4C-8D7C-4DDF-B96C-592920672E9D}.Release|Any CPU.ActiveCfg = Release|Any CPU
		{E8B93A4C-8D7C-4DDF-B96C-592920672E9D}.Release|Any CPU.Build.0 = Release|Any CPU
		{4F7C1A91-3501-4D2A-969E-2AFE173E0247}.Debug|Any CPU.ActiveCfg = Debug|Any CPU
		{4F7C1A91-3501-4D2A-969E-2AFE173E0247}.Debug|Any CPU.Build.0 = Debug|Any CPU
		{4F7C1A91-3501-4D2A-969E-2AFE173E0247}.Release|Any CPU.ActiveCfg = Release|Any CPU
		{4F7C1A91-3501-4D2A-969E-2AFE173E0247}.Release|Any CPU.Build.0 = Release|Any CPU
		{180B7574-02EA-4FBF-AB98-D7220E5766EE}.Debug|Any CPU.ActiveCfg = Debug|Any CPU
		{180B7574-02EA-4FBF-AB98-D7220E5766EE}.Debug|Any CPU.Build.0 = Debug|Any CPU
		{180B7574-02EA-4FBF-AB98-D7220E5766EE}.Release|Any CPU.ActiveCfg = Release|Any CPU
		{180B7574-02EA-4FBF-AB98-D7220E5766EE}.Release|Any CPU.Build.0 = Release|Any CPU
		{B4C61343-E505-4900-9397-8BB5D39B1AB6}.Debug|Any CPU.ActiveCfg = Debug|Any CPU
		{B4C61343-E505-4900-9397-8BB5D39B1AB6}.Debug|Any CPU.Build.0 = Debug|Any CPU
		{B4C61343-E505-4900-9397-8BB5D39B1AB6}.Release|Any CPU.ActiveCfg = Release|Any CPU
		{B4C61343-E505-4900-9397-8BB5D39B1AB6}.Release|Any CPU.Build.0 = Release|Any CPU
		{5EC52C07-449D-40FB-B41D-6CB075B09865}.Debug|Any CPU.ActiveCfg = Debug|Any CPU
		{5EC52C07-449D-40FB-B41D-6CB075B09865}.Debug|Any CPU.Build.0 = Debug|Any CPU
		{5EC52C07-449D-40FB-B41D-6CB075B09865}.Release|Any CPU.ActiveCfg = Release|Any CPU
		{5EC52C07-449D-40FB-B41D-6CB075B09865}.Release|Any CPU.Build.0 = Release|Any CPU
		{835004FA-AD8D-4032-9643-1D98827296BD}.Debug|Any CPU.ActiveCfg = Debug|Any CPU
		{835004FA-AD8D-4032-9643-1D98827296BD}.Debug|Any CPU.Build.0 = Debug|Any CPU
		{835004FA-AD8D-4032-9643-1D98827296BD}.Release|Any CPU.ActiveCfg = Release|Any CPU
		{835004FA-AD8D-4032-9643-1D98827296BD}.Release|Any CPU.Build.0 = Release|Any CPU
		{3C7D9343-CFBC-47EE-94FE-550E81D14730}.Debug|Any CPU.ActiveCfg = Debug|Any CPU
		{3C7D9343-CFBC-47EE-94FE-550E81D14730}.Debug|Any CPU.Build.0 = Debug|Any CPU
		{3C7D9343-CFBC-47EE-94FE-550E81D14730}.Release|Any CPU.ActiveCfg = Release|Any CPU
		{3C7D9343-CFBC-47EE-94FE-550E81D14730}.Release|Any CPU.Build.0 = Release|Any CPU
		{FC6E850A-C359-4E77-B7AC-2C1D2A1AD211}.Debug|Any CPU.ActiveCfg = Debug|Any CPU
		{FC6E850A-C359-4E77-B7AC-2C1D2A1AD211}.Debug|Any CPU.Build.0 = Debug|Any CPU
		{FC6E850A-C359-4E77-B7AC-2C1D2A1AD211}.Release|Any CPU.ActiveCfg = Release|Any CPU
		{FC6E850A-C359-4E77-B7AC-2C1D2A1AD211}.Release|Any CPU.Build.0 = Release|Any CPU
		{F2A6A0C9-4D29-4889-9B7B-7CB6F5516CC1}.Debug|Any CPU.ActiveCfg = Debug|Any CPU
		{F2A6A0C9-4D29-4889-9B7B-7CB6F5516CC1}.Debug|Any CPU.Build.0 = Debug|Any CPU
		{F2A6A0C9-4D29-4889-9B7B-7CB6F5516CC1}.Release|Any CPU.ActiveCfg = Release|Any CPU
		{F2A6A0C9-4D29-4889-9B7B-7CB6F5516CC1}.Release|Any CPU.Build.0 = Release|Any CPU
	EndGlobalSection
	GlobalSection(SolutionProperties) = preSolution
		HideSolutionNode = FALSE
	EndGlobalSection
	GlobalSection(NestedProjects) = preSolution
		{D8F842EE-5E1D-45CC-A07B-2C46EB5B2A31} = {437DCF5C-83E3-402B-B540-C6182F30EEF1}
		{453F9581-A801-4485-86C3-F8803197133B} = {437DCF5C-83E3-402B-B540-C6182F30EEF1}
		{E8B93A4C-8D7C-4DDF-B96C-592920672E9D} = {453F9581-A801-4485-86C3-F8803197133B}
		{4F7C1A91-3501-4D2A-969E-2AFE173E0247} = {453F9581-A801-4485-86C3-F8803197133B}
		{180B7574-02EA-4FBF-AB98-D7220E5766EE} = {D8F842EE-5E1D-45CC-A07B-2C46EB5B2A31}
		{B4C61343-E505-4900-9397-8BB5D39B1AB6} = {D8F842EE-5E1D-45CC-A07B-2C46EB5B2A31}
		{5EC52C07-449D-40FB-B41D-6CB075B09865} = {D8F842EE-5E1D-45CC-A07B-2C46EB5B2A31}
		{835004FA-AD8D-4032-9643-1D98827296BD} = {D8F842EE-5E1D-45CC-A07B-2C46EB5B2A31}
		{3C7D9343-CFBC-47EE-94FE-550E81D14730} = {0E7CAF94-A466-47A3-97E7-1EEA2E84BEE6}
		{FC6E850A-C359-4E77-B7AC-2C1D2A1AD211} = {0E7CAF94-A466-47A3-97E7-1EEA2E84BEE6}
		{F2A6A0C9-4D29-4889-9B7B-7CB6F5516CC1} = {0E7CAF94-A466-47A3-97E7-1EEA2E84BEE6}
	EndGlobalSection
	GlobalSection(ExtensibilityGlobals) = postSolution
		SolutionGuid = {422DBC60-8DA1-4E04-B171-4D3C65C06E0C}
	EndGlobalSection
EndGlobal
